
Microsoft Visual Studio Solution File, Format Version 12.00
# Visual Studio Version 17
VisualStudioVersion = 17.9.34701.34
MinimumVisualStudioVersion = 10.0.40219.1
Project("{2150E333-8FDC-42A3-9474-1A3956D46DE8}") = "Services", "Services", "{61A8FADB-FB84-4557-880F-EF34AC10485F}"
EndProject
Project("{2150E333-8FDC-42A3-9474-1A3956D46DE8}") = "Catalog", "Catalog", "{E0097CC6-2E9B-4DCD-92C2-ACFECD0D185C}"
EndProject
Project("{9A19103F-16F7-4668-BE54-9A1E7A4F7556}") = "Catalog.API", "Catalog.API\Catalog.API.csproj", "{C72A4199-8621-4419-9C19-999B53DDED5A}"
EndProject
Project("{2150E333-8FDC-42A3-9474-1A3956D46DE8}") = "BuildingBlocks", "BuildingBlocks", "{D6F0BCBF-AAFD-402C-BEFC-C2E72A21CF56}"
EndProject
Project("{9A19103F-16F7-4668-BE54-9A1E7A4F7556}") = "BuildingBlocks", "BuildingBlocks\BuildingBlocks\BuildingBlocks.csproj", "{0010E38E-928B-4D13-A894-D46E7925994F}"
EndProject
Project("{E53339B2-1760-4266-BCC7-CA923CBCF16C}") = "docker-compose", "docker-compose.dcproj", "{AC018670-46F9-423E-B4C4-7231C3870824}"
EndProject
Global
	GlobalSection(SolutionConfigurationPlatforms) = preSolution
		Debug|Any CPU = Debug|Any CPU
		Release|Any CPU = Release|Any CPU
	EndGlobalSection
	GlobalSection(ProjectConfigurationPlatforms) = postSolution
		{C72A4199-8621-4419-9C19-999B53DDED5A}.Debug|Any CPU.ActiveCfg = Debug|Any CPU
		{C72A4199-8621-4419-9C19-999B53DDED5A}.Debug|Any CPU.Build.0 = Debug|Any CPU
		{C72A4199-8621-4419-9C19-999B53DDED5A}.Release|Any CPU.ActiveCfg = Release|Any CPU
		{C72A4199-8621-4419-9C19-999B53DDED5A}.Release|Any CPU.Build.0 = Release|Any CPU
		{0010E38E-928B-4D13-A894-D46E7925994F}.Debug|Any CPU.ActiveCfg = Debug|Any CPU
		{0010E38E-928B-4D13-A894-D46E7925994F}.Debug|Any CPU.Build.0 = Debug|Any CPU
		{0010E38E-928B-4D13-A894-D46E7925994F}.Release|Any CPU.ActiveCfg = Release|Any CPU
		{0010E38E-928B-4D13-A894-D46E7925994F}.Release|Any CPU.Build.0 = Release|Any CPU
		{AC018670-46F9-423E-B4C4-7231C3870824}.Debug|Any CPU.ActiveCfg = Debug|Any CPU
		{AC018670-46F9-423E-B4C4-7231C3870824}.Debug|Any CPU.Build.0 = Debug|Any CPU
		{AC018670-46F9-423E-B4C4-7231C3870824}.Release|Any CPU.ActiveCfg = Release|Any CPU
		{AC018670-46F9-423E-B4C4-7231C3870824}.Release|Any CPU.Build.0 = Release|Any CPU
	EndGlobalSection
	GlobalSection(SolutionProperties) = preSolution
		HideSolutionNode = FALSE
	EndGlobalSection
	GlobalSection(NestedProjects) = preSolution
		{E0097CC6-2E9B-4DCD-92C2-ACFECD0D185C} = {61A8FADB-FB84-4557-880F-EF34AC10485F}
		{C72A4199-8621-4419-9C19-999B53DDED5A} = {E0097CC6-2E9B-4DCD-92C2-ACFECD0D185C}
		{0010E38E-928B-4D13-A894-D46E7925994F} = {D6F0BCBF-AAFD-402C-BEFC-C2E72A21CF56}
	EndGlobalSection
	GlobalSection(ExtensibilityGlobals) = postSolution
		SolutionGuid = {83B3F165-006A-4F31-B846-10ECEADB54AF}
	EndGlobalSection
EndGlobal
