
Microsoft Visual Studio Solution File, Format Version 12.00
# Visual Studio Version 17
VisualStudioVersion = 17.9.34701.34
MinimumVisualStudioVersion = 10.0.40219.1
Project("{2150E333-8FDC-42A3-9474-1A3956D46DE8}") = "Services", "Services", "{61A8FADB-FB84-4557-880F-EF34AC10485F}"
EndProject
Project("{2150E333-8FDC-42A3-9474-1A3956D46DE8}") = "Catalog", "Catalog", "{E0097CC6-2E9B-4DCD-92C2-ACFECD0D185C}"
EndProject
Project("{9A19103F-16F7-4668-BE54-9A1E7A4F7556}") = "Catalog.API", "Catalog.API\Catalog.API.csproj", "{C72A4199-8621-4419-9C19-999B53DDED5A}"
EndProject
Project("{2150E333-8FDC-42A3-9474-1A3956D46DE8}") = "BuildingBlocks", "BuildingBlocks", "{D6F0BCBF-AAFD-402C-BEFC-C2E72A21CF56}"
EndProject
Project("{9A19103F-16F7-4668-BE54-9A1E7A4F7556}") = "BuildingBlocks", "BuildingBlocks\BuildingBlocks\BuildingBlocks.csproj", "{0010E38E-928B-4D13-A894-D46E7925994F}"
EndProject
Project("{E53339B2-1760-4266-BCC7-CA923CBCF16C}") = "docker-compose", "docker-compose.dcproj", "{AC018670-46F9-423E-B4C4-7231C3870824}"
EndProject
Project("{2150E333-8FDC-42A3-9474-1A3956D46DE8}") = "Basket", "Basket", "{92B8074E-95A0-45EA-A104-3E5970677B33}"
EndProject
Project("{9A19103F-16F7-4668-BE54-9A1E7A4F7556}") = "Basket.API", "Services\Basket\Basket.API\Basket.API.csproj", "{882BC91A-4769-4625-B69D-CFA94AF6F4DC}"
EndProject
Project("{2150E333-8FDC-42A3-9474-1A3956D46DE8}") = "Discount", "Discount", "{797EF8BB-FB2F-43E3-B02D-32AA982A4FDD}"
EndProject
Project("{9A19103F-16F7-4668-BE54-9A1E7A4F7556}") = "Discount.Grpc", "Services\Discount\Discount.Grpc\Discount.Grpc.csproj", "{6D918799-9662-49CF-AD3C-30168B982DAA}"
EndProject
Project("{2150E333-8FDC-42A3-9474-1A3956D46DE8}") = "Ordering", "Ordering", "{C0B15A44-D6EB-47C9-82A3-94768F51A467}"
EndProject
Project("{9A19103F-16F7-4668-BE54-9A1E7A4F7556}") = "API", "Services\Ordering\API\API.csproj", "{BB56221A-0A5C-46B6-82D8-56170489C02A}"
EndProject
Project("{9A19103F-16F7-4668-BE54-9A1E7A4F7556}") = "Domain", "Services\Ordering\Domain\Domain.csproj", "{CFCD5329-F10B-470C-A574-DC578D56235D}"
EndProject
Project("{9A19103F-16F7-4668-BE54-9A1E7A4F7556}") = "Application", "Services\Ordering\Application\Application.csproj", "{64779E35-9B5D-477C-8FA3-976F8F0CA780}"
EndProject
Project("{9A19103F-16F7-4668-BE54-9A1E7A4F7556}") = "Infrastructure", "Services\Ordering\Infrastructure\Infrastructure.csproj", "{1B0D529D-779D-48B3-899B-2EC12640C905}"
EndProject
Project("{FAE04EC0-301F-11D3-BF4B-00C04F79EFBC}") = "BuildingBlocks.Messaging", "BuildingBlocks\BuildingBlocks.Messaging\BuildingBlocks.Messaging.csproj", "{B5581F17-3EC7-49CF-A0D6-C62419DBAD44}"
EndProject
Global
	GlobalSection(SolutionConfigurationPlatforms) = preSolution
		Debug|Any CPU = Debug|Any CPU
		Release|Any CPU = Release|Any CPU
	EndGlobalSection
	GlobalSection(ProjectConfigurationPlatforms) = postSolution
		{C72A4199-8621-4419-9C19-999B53DDED5A}.Debug|Any CPU.ActiveCfg = Debug|Any CPU
		{C72A4199-8621-4419-9C19-999B53DDED5A}.Debug|Any CPU.Build.0 = Debug|Any CPU
		{C72A4199-8621-4419-9C19-999B53DDED5A}.Release|Any CPU.ActiveCfg = Release|Any CPU
		{C72A4199-8621-4419-9C19-999B53DDED5A}.Release|Any CPU.Build.0 = Release|Any CPU
		{0010E38E-928B-4D13-A894-D46E7925994F}.Debug|Any CPU.ActiveCfg = Debug|Any CPU
		{0010E38E-928B-4D13-A894-D46E7925994F}.Debug|Any CPU.Build.0 = Debug|Any CPU
		{0010E38E-928B-4D13-A894-D46E7925994F}.Release|Any CPU.ActiveCfg = Release|Any CPU
		{0010E38E-928B-4D13-A894-D46E7925994F}.Release|Any CPU.Build.0 = Release|Any CPU
		{AC018670-46F9-423E-B4C4-7231C3870824}.Debug|Any CPU.ActiveCfg = Debug|Any CPU
		{AC018670-46F9-423E-B4C4-7231C3870824}.Debug|Any CPU.Build.0 = Debug|Any CPU
		{AC018670-46F9-423E-B4C4-7231C3870824}.Release|Any CPU.ActiveCfg = Release|Any CPU
		{AC018670-46F9-423E-B4C4-7231C3870824}.Release|Any CPU.Build.0 = Release|Any CPU
		{882BC91A-4769-4625-B69D-CFA94AF6F4DC}.Debug|Any CPU.ActiveCfg = Debug|Any CPU
		{882BC91A-4769-4625-B69D-CFA94AF6F4DC}.Debug|Any CPU.Build.0 = Debug|Any CPU
		{882BC91A-4769-4625-B69D-CFA94AF6F4DC}.Release|Any CPU.ActiveCfg = Release|Any CPU
		{882BC91A-4769-4625-B69D-CFA94AF6F4DC}.Release|Any CPU.Build.0 = Release|Any CPU
		{6D918799-9662-49CF-AD3C-30168B982DAA}.Debug|Any CPU.ActiveCfg = Debug|Any CPU
		{6D918799-9662-49CF-AD3C-30168B982DAA}.Debug|Any CPU.Build.0 = Debug|Any CPU
		{6D918799-9662-49CF-AD3C-30168B982DAA}.Release|Any CPU.ActiveCfg = Release|Any CPU
		{6D918799-9662-49CF-AD3C-30168B982DAA}.Release|Any CPU.Build.0 = Release|Any CPU
		{BB56221A-0A5C-46B6-82D8-56170489C02A}.Debug|Any CPU.ActiveCfg = Debug|Any CPU
		{BB56221A-0A5C-46B6-82D8-56170489C02A}.Debug|Any CPU.Build.0 = Debug|Any CPU
		{BB56221A-0A5C-46B6-82D8-56170489C02A}.Release|Any CPU.ActiveCfg = Release|Any CPU
		{BB56221A-0A5C-46B6-82D8-56170489C02A}.Release|Any CPU.Build.0 = Release|Any CPU
		{CFCD5329-F10B-470C-A574-DC578D56235D}.Debug|Any CPU.ActiveCfg = Debug|Any CPU
		{CFCD5329-F10B-470C-A574-DC578D56235D}.Debug|Any CPU.Build.0 = Debug|Any CPU
		{CFCD5329-F10B-470C-A574-DC578D56235D}.Release|Any CPU.ActiveCfg = Release|Any CPU
		{CFCD5329-F10B-470C-A574-DC578D56235D}.Release|Any CPU.Build.0 = Release|Any CPU
		{64779E35-9B5D-477C-8FA3-976F8F0CA780}.Debug|Any CPU.ActiveCfg = Debug|Any CPU
		{64779E35-9B5D-477C-8FA3-976F8F0CA780}.Debug|Any CPU.Build.0 = Debug|Any CPU
		{64779E35-9B5D-477C-8FA3-976F8F0CA780}.Release|Any CPU.ActiveCfg = Release|Any CPU
		{64779E35-9B5D-477C-8FA3-976F8F0CA780}.Release|Any CPU.Build.0 = Release|Any CPU
		{1B0D529D-779D-48B3-899B-2EC12640C905}.Debug|Any CPU.ActiveCfg = Debug|Any CPU
		{1B0D529D-779D-48B3-899B-2EC12640C905}.Debug|Any CPU.Build.0 = Debug|Any CPU
		{1B0D529D-779D-48B3-899B-2EC12640C905}.Release|Any CPU.ActiveCfg = Release|Any CPU
		{1B0D529D-779D-48B3-899B-2EC12640C905}.Release|Any CPU.Build.0 = Release|Any CPU
		{B5581F17-3EC7-49CF-A0D6-C62419DBAD44}.Debug|Any CPU.ActiveCfg = Debug|Any CPU
		{B5581F17-3EC7-49CF-A0D6-C62419DBAD44}.Debug|Any CPU.Build.0 = Debug|Any CPU
		{B5581F17-3EC7-49CF-A0D6-C62419DBAD44}.Release|Any CPU.ActiveCfg = Release|Any CPU
		{B5581F17-3EC7-49CF-A0D6-C62419DBAD44}.Release|Any CPU.Build.0 = Release|Any CPU
	EndGlobalSection
	GlobalSection(SolutionProperties) = preSolution
		HideSolutionNode = FALSE
	EndGlobalSection
	GlobalSection(NestedProjects) = preSolution
		{E0097CC6-2E9B-4DCD-92C2-ACFECD0D185C} = {61A8FADB-FB84-4557-880F-EF34AC10485F}
		{C72A4199-8621-4419-9C19-999B53DDED5A} = {E0097CC6-2E9B-4DCD-92C2-ACFECD0D185C}
		{0010E38E-928B-4D13-A894-D46E7925994F} = {D6F0BCBF-AAFD-402C-BEFC-C2E72A21CF56}
		{92B8074E-95A0-45EA-A104-3E5970677B33} = {61A8FADB-FB84-4557-880F-EF34AC10485F}
		{882BC91A-4769-4625-B69D-CFA94AF6F4DC} = {92B8074E-95A0-45EA-A104-3E5970677B33}
		{797EF8BB-FB2F-43E3-B02D-32AA982A4FDD} = {61A8FADB-FB84-4557-880F-EF34AC10485F}
		{6D918799-9662-49CF-AD3C-30168B982DAA} = {797EF8BB-FB2F-43E3-B02D-32AA982A4FDD}
		{C0B15A44-D6EB-47C9-82A3-94768F51A467} = {61A8FADB-FB84-4557-880F-EF34AC10485F}
		{BB56221A-0A5C-46B6-82D8-56170489C02A} = {C0B15A44-D6EB-47C9-82A3-94768F51A467}
		{CFCD5329-F10B-470C-A574-DC578D56235D} = {C0B15A44-D6EB-47C9-82A3-94768F51A467}
		{64779E35-9B5D-477C-8FA3-976F8F0CA780} = {C0B15A44-D6EB-47C9-82A3-94768F51A467}
		{1B0D529D-779D-48B3-899B-2EC12640C905} = {C0B15A44-D6EB-47C9-82A3-94768F51A467}
		{B5581F17-3EC7-49CF-A0D6-C62419DBAD44} = {D6F0BCBF-AAFD-402C-BEFC-C2E72A21CF56}
	EndGlobalSection
	GlobalSection(ExtensibilityGlobals) = postSolution
		SolutionGuid = {83B3F165-006A-4F31-B846-10ECEADB54AF}
	EndGlobalSection
EndGlobal
